
Microsoft Visual Studio Solution File, Format Version 12.00
# Visual Studio Version 17
VisualStudioVersion = 17.8.34330.188
MinimumVisualStudioVersion = 10.0.40219.1
Project("{9A19103F-16F7-4668-BE54-9A1E7A4F7556}") = "MyAPI", "MyAPI\MyAPI.csproj", "{FCD8BAD0-5C8D-4A02-84CE-01A326C26538}"
EndProject
Project("{FAE04EC0-301F-11D3-BF4B-00C04F79EFBC}") = "Tests", "Tests\Tests.csproj", "{C2E77367-641D-4A15-BC61-8C174E6BAF70}"
EndProject
Global
	GlobalSection(SolutionConfigurationPlatforms) = preSolution
		Debug|Any CPU = Debug|Any CPU
		Release|Any CPU = Release|Any CPU
	EndGlobalSection
	GlobalSection(ProjectConfigurationPlatforms) = postSolution
		{FCD8BAD0-5C8D-4A02-84CE-01A326C26538}.Debug|Any CPU.ActiveCfg = Debug|Any CPU
		{FCD8BAD0-5C8D-4A02-84CE-01A326C26538}.Debug|Any CPU.Build.0 = Debug|Any CPU
		{FCD8BAD0-5C8D-4A02-84CE-01A326C26538}.Release|Any CPU.ActiveCfg = Release|Any CPU
		{FCD8BAD0-5C8D-4A02-84CE-01A326C26538}.Release|Any CPU.Build.0 = Release|Any CPU
		{C2E77367-641D-4A15-BC61-8C174E6BAF70}.Debug|Any CPU.ActiveCfg = Debug|Any CPU
		{C2E77367-641D-4A15-BC61-8C174E6BAF70}.Debug|Any CPU.Build.0 = Debug|Any CPU
		{C2E77367-641D-4A15-BC61-8C174E6BAF70}.Release|Any CPU.ActiveCfg = Release|Any CPU
		{C2E77367-641D-4A15-BC61-8C174E6BAF70}.Release|Any CPU.Build.0 = Release|Any CPU
	EndGlobalSection
	GlobalSection(SolutionProperties) = preSolution
		HideSolutionNode = FALSE
	EndGlobalSection
	GlobalSection(ExtensibilityGlobals) = postSolution
		SolutionGuid = {141BF21C-9898-40F1-ADF6-89AA3335ADCD}
	EndGlobalSection
EndGlobal
