
Microsoft Visual Studio Solution File, Format Version 12.00
# Visual Studio Version 17
VisualStudioVersion = 17.8.34316.72
MinimumVisualStudioVersion = 10.0.40219.1
Project("{9A19103F-16F7-4668-BE54-9A1E7A4F7556}") = "Tests", "Tests\Tests.csproj", "{0B4E52C3-08EA-43A1-BFBA-254791D094C9}"
EndProject
Project("{FAE04EC0-301F-11D3-BF4B-00C04F79EFBC}") = "ReflectionLib", "ReflectionLib\ReflectionLib.csproj", "{18D17CA7-F8C2-4D40-9130-BB7696ACE066}"
EndProject
Global
	GlobalSection(SolutionConfigurationPlatforms) = preSolution
		Debug|Any CPU = Debug|Any CPU
		Release|Any CPU = Release|Any CPU
	EndGlobalSection
	GlobalSection(ProjectConfigurationPlatforms) = postSolution
		{0B4E52C3-08EA-43A1-BFBA-254791D094C9}.Debug|Any CPU.ActiveCfg = Debug|Any CPU
		{0B4E52C3-08EA-43A1-BFBA-254791D094C9}.Debug|Any CPU.Build.0 = Debug|Any CPU
		{0B4E52C3-08EA-43A1-BFBA-254791D094C9}.Release|Any CPU.ActiveCfg = Release|Any CPU
		{0B4E52C3-08EA-43A1-BFBA-254791D094C9}.Release|Any CPU.Build.0 = Release|Any CPU
		{18D17CA7-F8C2-4D40-9130-BB7696ACE066}.Debug|Any CPU.ActiveCfg = Debug|Any CPU
		{18D17CA7-F8C2-4D40-9130-BB7696ACE066}.Debug|Any CPU.Build.0 = Debug|Any CPU
		{18D17CA7-F8C2-4D40-9130-BB7696ACE066}.Release|Any CPU.ActiveCfg = Release|Any CPU
		{18D17CA7-F8C2-4D40-9130-BB7696ACE066}.Release|Any CPU.Build.0 = Release|Any CPU
	EndGlobalSection
	GlobalSection(SolutionProperties) = preSolution
		HideSolutionNode = FALSE
	EndGlobalSection
	GlobalSection(ExtensibilityGlobals) = postSolution
		SolutionGuid = {856E9D2C-2452-4D08-A1B8-A816BB73E222}
	EndGlobalSection
EndGlobal
